
Microsoft Visual Studio Solution File, Format Version 12.00
# Visual Studio Version 16
VisualStudioVersion = 16.0.30804.86
MinimumVisualStudioVersion = 10.0.40219.1
Project("{9A19103F-16F7-4668-BE54-9A1E7A4F7556}") = "BLabs", "BLabs\BLabs.csproj", "{4FA1E7C4-54C3-4687-8361-B953D73E75B7}"
EndProject
Global
	GlobalSection(SolutionConfigurationPlatforms) = preSolution
		Debug|Any CPU = Debug|Any CPU
		Release|Any CPU = Release|Any CPU
	EndGlobalSection
	GlobalSection(ProjectConfigurationPlatforms) = postSolution
		{4FA1E7C4-54C3-4687-8361-B953D73E75B7}.Debug|Any CPU.ActiveCfg = Debug|Any CPU
		{4FA1E7C4-54C3-4687-8361-B953D73E75B7}.Debug|Any CPU.Build.0 = Debug|Any CPU
		{4FA1E7C4-54C3-4687-8361-B953D73E75B7}.Release|Any CPU.ActiveCfg = Release|Any CPU
		{4FA1E7C4-54C3-4687-8361-B953D73E75B7}.Release|Any CPU.Build.0 = Release|Any CPU
	EndGlobalSection
	GlobalSection(SolutionProperties) = preSolution
		HideSolutionNode = FALSE
	EndGlobalSection
	GlobalSection(ExtensibilityGlobals) = postSolution
		SolutionGuid = {D12DC244-9A45-4D51-B97A-90E76F37718B}
	EndGlobalSection
EndGlobal
